
Microsoft Visual Studio Solution File, Format Version 12.00
# Visual Studio Version 16
VisualStudioVersion = 16.0.30204.135
MinimumVisualStudioVersion = 10.0.40219.1
Project("{FAE04EC0-301F-11D3-BF4B-00C04F79EFBC}") = "SalesWebMvc", "SalesWebMvc\SalesWebMvc.csproj", "{626769D2-8BB0-4952-BFD4-01CFAF4FE58C}"
EndProject
Global
	GlobalSection(SolutionConfigurationPlatforms) = preSolution
		Debug|Any CPU = Debug|Any CPU
		Release|Any CPU = Release|Any CPU
	EndGlobalSection
	GlobalSection(ProjectConfigurationPlatforms) = postSolution
		{626769D2-8BB0-4952-BFD4-01CFAF4FE58C}.Debug|Any CPU.ActiveCfg = Debug|Any CPU
		{626769D2-8BB0-4952-BFD4-01CFAF4FE58C}.Debug|Any CPU.Build.0 = Debug|Any CPU
		{626769D2-8BB0-4952-BFD4-01CFAF4FE58C}.Release|Any CPU.ActiveCfg = Release|Any CPU
		{626769D2-8BB0-4952-BFD4-01CFAF4FE58C}.Release|Any CPU.Build.0 = Release|Any CPU
	EndGlobalSection
	GlobalSection(SolutionProperties) = preSolution
		HideSolutionNode = FALSE
	EndGlobalSection
	GlobalSection(ExtensibilityGlobals) = postSolution
		SolutionGuid = {EC172B3C-1F30-4DFF-B1F5-210BF216A801}
	EndGlobalSection
EndGlobal
